
Microsoft Visual Studio Solution File, Format Version 12.00
# Visual Studio Version 16
VisualStudioVersion = 16.0.29920.165
MinimumVisualStudioVersion = 10.0.40219.1
Project("{FAE04EC0-301F-11D3-BF4B-00C04F79EFBC}") = "SqlMultiScript", "SqlMultiScript\SqlMultiScript.csproj", "{84A311EE-C21A-4E66-A6FE-89CDD68A40FA}"
EndProject
Project("{54435603-DBB4-11D2-8724-00A0C9A8B90C}") = "Setup", "Setup\Setup.vdproj", "{2C5F847D-0861-4F7B-9B74-FD61C1631BD2}"
EndProject
Global
	GlobalSection(SolutionConfigurationPlatforms) = preSolution
		Debug|Any CPU = Debug|Any CPU
		Debug|x64 = Debug|x64
		Release|Any CPU = Release|Any CPU
		Release|x64 = Release|x64
	EndGlobalSection
	GlobalSection(ProjectConfigurationPlatforms) = postSolution
		{84A311EE-C21A-4E66-A6FE-89CDD68A40FA}.Debug|Any CPU.ActiveCfg = Release|Any CPU
		{84A311EE-C21A-4E66-A6FE-89CDD68A40FA}.Debug|Any CPU.Build.0 = Release|Any CPU
		{84A311EE-C21A-4E66-A6FE-89CDD68A40FA}.Debug|x64.ActiveCfg = Release|x64
		{84A311EE-C21A-4E66-A6FE-89CDD68A40FA}.Debug|x64.Build.0 = Release|x64
		{84A311EE-C21A-4E66-A6FE-89CDD68A40FA}.Release|Any CPU.ActiveCfg = Debug|Any CPU
		{84A311EE-C21A-4E66-A6FE-89CDD68A40FA}.Release|Any CPU.Build.0 = Debug|Any CPU
		{84A311EE-C21A-4E66-A6FE-89CDD68A40FA}.Release|x64.ActiveCfg = Release|Any CPU
		{84A311EE-C21A-4E66-A6FE-89CDD68A40FA}.Release|x64.Build.0 = Release|Any CPU
		{2C5F847D-0861-4F7B-9B74-FD61C1631BD2}.Debug|Any CPU.ActiveCfg = Debug
		{2C5F847D-0861-4F7B-9B74-FD61C1631BD2}.Debug|x64.ActiveCfg = Debug
		{2C5F847D-0861-4F7B-9B74-FD61C1631BD2}.Release|Any CPU.ActiveCfg = Debug
		{2C5F847D-0861-4F7B-9B74-FD61C1631BD2}.Release|Any CPU.Build.0 = Debug
		{2C5F847D-0861-4F7B-9B74-FD61C1631BD2}.Release|x64.ActiveCfg = Release
	EndGlobalSection
	GlobalSection(SolutionProperties) = preSolution
		HideSolutionNode = FALSE
	EndGlobalSection
	GlobalSection(ExtensibilityGlobals) = postSolution
		SolutionGuid = {C7DDAAB1-93CE-4236-90CA-ED8C34B692F2}
	EndGlobalSection
EndGlobal
